{
  "nodes": {
    "nixpkgs": {
      "locked": {
        "lastModified": 1789006805,
        "narHash": "sha256-xB8mKMOx1IA9vTDNLmJZ6n4wCMq/cuWBBOzGCRnqxrU=",
        "owner": "NixOS",
        "repo": "nixpkgs",
        "rev": "8ce4ef6cb6f871616146b9fe26d2a5ae594e94fe",
        "type": "github"
      },
      "original": {
        "owner": "NixOS",
        "ref": "nixos-unstable",
        "repo": "nixpkgs",
        "type": "github"
      }
    },
    "pincram": {
      "inputs": {
        "nixpkgs": [
          "nixpkgs"
        ]
      },
      "locked": {
        "lastModified": 1789112537,
        "narHash": "sha256-f/rqytiRDdoPuomMPuww1w/oGdcOQdSDXOeaQN71oO0=",
        "owner": "soundray",
        "repo": "pincram",
        "rev": "4f69b27c62e429535eba462cc766592751cacfb7",
        "type": "github"
      },
      "original": {
        "owner": "soundray",
        "repo": "pincram",
        "type": "github"
      }
    },
    "root": {
      "inputs": {
        "nixpkgs": "nixpkgs",
        "pincram": "pincram"
      }
    }
  },
  "root": "root",
  "version": 7
}
